
Microsoft Visual Studio Solution File, Format Version 12.00
# Visual Studio Version 16
VisualStudioVersion = 16.0.30128.74
MinimumVisualStudioVersion = 10.0.40219.1
Project("{9A19103F-16F7-4668-BE54-9A1E7A4F7556}") = "trivia-game", "trivia-game.csproj", "{305366DF-6FBA-4CCE-AD05-CEEDDCD72E5D}"
EndProject
Global
	GlobalSection(SolutionConfigurationPlatforms) = preSolution
		Debug|Any CPU = Debug|Any CPU
		Release|Any CPU = Release|Any CPU
	EndGlobalSection
	GlobalSection(ProjectConfigurationPlatforms) = postSolution
		{305366DF-6FBA-4CCE-AD05-CEEDDCD72E5D}.Debug|Any CPU.ActiveCfg = Debug|Any CPU
		{305366DF-6FBA-4CCE-AD05-CEEDDCD72E5D}.Debug|Any CPU.Build.0 = Debug|Any CPU
		{305366DF-6FBA-4CCE-AD05-CEEDDCD72E5D}.Release|Any CPU.ActiveCfg = Release|Any CPU
		{305366DF-6FBA-4CCE-AD05-CEEDDCD72E5D}.Release|Any CPU.Build.0 = Release|Any CPU
	EndGlobalSection
	GlobalSection(SolutionProperties) = preSolution
		HideSolutionNode = FALSE
	EndGlobalSection
	GlobalSection(ExtensibilityGlobals) = postSolution
		SolutionGuid = {044C5CE6-3058-49B3-8C61-5804D08997F0}
	EndGlobalSection
EndGlobal
